
Microsoft Visual Studio Solution File, Format Version 12.00
# Visual Studio Version 17
VisualStudioVersion = 17.9.34622.214
MinimumVisualStudioVersion = 10.0.40219.1
Project("{FAE04EC0-301F-11D3-BF4B-00C04F79EFBC}") = "Uge13Opgaver", "Uge13Opgaver\Uge13Opgaver.csproj", "{26D7F5CA-854F-4692-B7F9-E95DF7FF26AA}"
EndProject
Project("{FAE04EC0-301F-11D3-BF4B-00C04F79EFBC}") = "Uge13OpgaverTest", "Uge13OpgaverTest\Uge13OpgaverTest.csproj", "{127F7A4D-F7EA-493F-8003-15E13F9551B4}"
EndProject
Global
	GlobalSection(SolutionConfigurationPlatforms) = preSolution
		Debug|Any CPU = Debug|Any CPU
		Release|Any CPU = Release|Any CPU
	EndGlobalSection
	GlobalSection(ProjectConfigurationPlatforms) = postSolution
		{26D7F5CA-854F-4692-B7F9-E95DF7FF26AA}.Debug|Any CPU.ActiveCfg = Debug|Any CPU
		{26D7F5CA-854F-4692-B7F9-E95DF7FF26AA}.Debug|Any CPU.Build.0 = Debug|Any CPU
		{26D7F5CA-854F-4692-B7F9-E95DF7FF26AA}.Release|Any CPU.ActiveCfg = Release|Any CPU
		{26D7F5CA-854F-4692-B7F9-E95DF7FF26AA}.Release|Any CPU.Build.0 = Release|Any CPU
		{127F7A4D-F7EA-493F-8003-15E13F9551B4}.Debug|Any CPU.ActiveCfg = Debug|Any CPU
		{127F7A4D-F7EA-493F-8003-15E13F9551B4}.Debug|Any CPU.Build.0 = Debug|Any CPU
		{127F7A4D-F7EA-493F-8003-15E13F9551B4}.Release|Any CPU.ActiveCfg = Release|Any CPU
		{127F7A4D-F7EA-493F-8003-15E13F9551B4}.Release|Any CPU.Build.0 = Release|Any CPU
	EndGlobalSection
	GlobalSection(SolutionProperties) = preSolution
		HideSolutionNode = FALSE
	EndGlobalSection
	GlobalSection(ExtensibilityGlobals) = postSolution
		SolutionGuid = {A2DEEBD5-E5CA-4327-BEBD-77559EFF5712}
	EndGlobalSection
EndGlobal
