
Microsoft Visual Studio Solution File, Format Version 12.00
# Visual Studio Version 17
VisualStudioVersion = 17.9.34728.123
MinimumVisualStudioVersion = 10.0.40219.1
Project("{FAE04EC0-301F-11D3-BF4B-00C04F79EFBC}") = "WpfAndMVVM1", "WpfAndMVVM1\WpfAndMVVM1.csproj", "{7D8CE221-4163-4275-A835-750360066574}"
EndProject
Global
	GlobalSection(SolutionConfigurationPlatforms) = preSolution
		Debug|Any CPU = Debug|Any CPU
		Release|Any CPU = Release|Any CPU
	EndGlobalSection
	GlobalSection(ProjectConfigurationPlatforms) = postSolution
		{7D8CE221-4163-4275-A835-750360066574}.Debug|Any CPU.ActiveCfg = Debug|Any CPU
		{7D8CE221-4163-4275-A835-750360066574}.Debug|Any CPU.Build.0 = Debug|Any CPU
		{7D8CE221-4163-4275-A835-750360066574}.Release|Any CPU.ActiveCfg = Release|Any CPU
		{7D8CE221-4163-4275-A835-750360066574}.Release|Any CPU.Build.0 = Release|Any CPU
	EndGlobalSection
	GlobalSection(SolutionProperties) = preSolution
		HideSolutionNode = FALSE
	EndGlobalSection
	GlobalSection(ExtensibilityGlobals) = postSolution
		SolutionGuid = {2FBCAF15-94EB-488B-94FD-A2F04DC352DE}
	EndGlobalSection
EndGlobal
